{
  "name": "kids-youtube-playback",
  "version": "0.1.0",
  "lockfileVersion": 3,
  "requires": true,
  "packages": {
    "": {
      "name": "kids-youtube-playback",
      "version": "0.1.0",
      "dependencies": {
        "quickjs-emscripten": "0.32.0",
        "youtubei.js": "18.1.0"
      },
      "engines": {
        "node": ">=24"
      }
    },
    "node_modules/@bufbuild/protobuf": {
      "version": "2.16.0",
      "resolved": "https://registry.npmjs.org/@bufbuild/protobuf/-/protobuf-2.16.0.tgz",
      "integrity": "sha512-FWa0sPlqYGJgpTs6OxBRcL/AW4JT0OIO+W1ajerluoTVh8CV0B7XM1qsNCRgnkSCkRCgOICKHRQlY17jrsm0+Q==",
      "license": "(Apache-2.0 AND BSD-3-Clause)"
    },
    "node_modules/@jitl/quickjs-ffi-types": {
      "version": "0.32.0",
      "resolved": "https://registry.npmjs.org/@jitl/quickjs-ffi-types/-/quickjs-ffi-types-0.32.0.tgz",
      "integrity": "sha512-v9T+GQpmk43VDJ7d72sf0Nexhk+ArvtUihW27dy7lqAl0zBObFKtSBBIm5RBjwIhE8VwsPPm9PNuvPvNqLWUEg==",
      "license": "MIT"
    },
    "node_modules/@jitl/quickjs-wasmfile-debug-asyncify": {
      "version": "0.32.0",
      "resolved": "https://registry.npmjs.org/@jitl/quickjs-wasmfile-debug-asyncify/-/quickjs-wasmfile-debug-asyncify-0.32.0.tgz",
      "integrity": "sha512-EX8zbXwGqCgAE764M+qvkHtyXDi/FUoMBea0JnES7vCM3P7a2+EOZOjGv85wtZ2sJhI1oJ+nekmqpOODFDY+hw==",
      "license": "MIT",
      "dependencies": {
        "@jitl/quickjs-ffi-types": "0.32.0"
      }
    },
    "node_modules/@jitl/quickjs-wasmfile-debug-sync": {
      "version": "0.32.0",
      "resolved": "https://registry.npmjs.org/@jitl/quickjs-wasmfile-debug-sync/-/quickjs-wasmfile-debug-sync-0.32.0.tgz",
      "integrity": "sha512-LeYWrPGC1uNCTBWvibo3ZLJj0CSVNYUXvJpXMCmuQ5Sap2cCACc3uvGvYV4homHHBAzfw5akoTqMMS4YFRtw+Q==",
      "license": "MIT",
      "dependencies": {
        "@jitl/quickjs-ffi-types": "0.32.0"
      }
    },
    "node_modules/@jitl/quickjs-wasmfile-release-asyncify": {
      "version": "0.32.0",
      "resolved": "https://registry.npmjs.org/@jitl/quickjs-wasmfile-release-asyncify/-/quickjs-wasmfile-release-asyncify-0.32.0.tgz",
      "integrity": "sha512-3oSwPfja12ICz4aIblB58cuY8JlEq5Txt8Cut4VLo+LH47QN+mzCnSgnbB03hWzg1LBcc+VyyI9UOag7a1NF+Q==",
      "license": "MIT",
      "dependencies": {
        "@jitl/quickjs-ffi-types": "0.32.0"
      }
    },
    "node_modules/@jitl/quickjs-wasmfile-release-sync": {
      "version": "0.32.0",
      "resolved": "https://registry.npmjs.org/@jitl/quickjs-wasmfile-release-sync/-/quickjs-wasmfile-release-sync-0.32.0.tgz",
      "integrity": "sha512-BKNDI/TPBfGlLNGYpLrhcDGXmIk4xHm4MRAisOBnOzpXVn9HZWsfmMAc9WMBrAHjvvds6HOikKeaOBKdPdpVrg==",
      "license": "MIT",
      "dependencies": {
        "@jitl/quickjs-ffi-types": "0.32.0"
      }
    },
    "node_modules/fflate": {
      "version": "0.8.3",
      "resolved": "https://registry.npmjs.org/fflate/-/fflate-0.8.3.tgz",
      "integrity": "sha512-tbZNuJrLwGUp3zshBtdy4W+ORxZuIh8a5ilyIEQDC5rY1f3U20JMry0Ll3WBzU58EZKsEuJFXhb5gwv8CsPvgA==",
      "license": "MIT"
    },
    "node_modules/meriyah": {
      "version": "7.4.0",
      "resolved": "https://registry.npmjs.org/meriyah/-/meriyah-7.4.0.tgz",
      "integrity": "sha512-4npg8C/aeb+kOZo8/6XZrwzo+neA+NQU7U6BHP3KxqTzprtYQb+Fs752GRuvsJLREvblRjQng4F76DEe2QKblQ==",
      "license": "ISC",
      "engines": {
        "node": ">=20.0.0"
      }
    },
    "node_modules/quickjs-emscripten": {
      "version": "0.32.0",
      "resolved": "https://registry.npmjs.org/quickjs-emscripten/-/quickjs-emscripten-0.32.0.tgz",
      "integrity": "sha512-So0Sqw869y/S2oE3Nuc0uT3Dhqgvsj8FSrwBdsuTosVsG8ME5/OcudU1GxsrIFdFABgy17GHnTVO9TYV/bLQcA==",
      "license": "MIT",
      "dependencies": {
        "@jitl/quickjs-wasmfile-debug-asyncify": "0.32.0",
        "@jitl/quickjs-wasmfile-debug-sync": "0.32.0",
        "@jitl/quickjs-wasmfile-release-asyncify": "0.32.0",
        "@jitl/quickjs-wasmfile-release-sync": "0.32.0",
        "quickjs-emscripten-core": "0.32.0"
      },
      "engines": {
        "node": ">=16.0.0"
      }
    },
    "node_modules/quickjs-emscripten-core": {
      "version": "0.32.0",
      "resolved": "https://registry.npmjs.org/quickjs-emscripten-core/-/quickjs-emscripten-core-0.32.0.tgz",
      "integrity": "sha512-QFnPfjFey8EqknSrSxe1hZrf1/8z7/6s1QzGOmKo6++02r7QRRX7ZoyNaZh7JuVjWsVW87KnQrbZqnHkOAzUyg==",
      "license": "MIT",
      "dependencies": {
        "@jitl/quickjs-ffi-types": "0.32.0"
      }
    },
    "node_modules/youtubei.js": {
      "version": "18.1.0",
      "resolved": "https://registry.npmjs.org/youtubei.js/-/youtubei.js-18.1.0.tgz",
      "integrity": "sha512-4Goo3ZeO6/kE8Mq67eC8Z9K1rijeqRwyKxf/YM4lqf8bB4r/s8JC0V3YFx7+l/AJR3LnAsulTsiIj+AFe0cduA==",
      "funding": [
        "https://github.com/sponsors/LuanRT"
      ],
      "license": "MIT",
      "dependencies": {
        "@bufbuild/protobuf": "^2.0.0",
        "fflate": "^0.8.2",
        "meriyah": "^7.3.1"
      }
    }
  }
}
